{
  "dependencies": {
    "gulp-server-livereload": {
      "version": "3.8.1",
      "from": "gulp-server-livereload@3.8.1",
      "dependencies": {
        "socket.io": {
          "version": "2.0.3",
          "from": "socket.io@2.0.3"
        },
        "ws": {
          "version": "3.1.0",
          "from": "ws@3.1.0"
        }
      }
    }
  }
}

